
Microsoft Visual Studio Solution File, Format Version 11.00
# Visual Studio 2010
Project("{FAE04EC0-301F-11D3-BF4B-00C04F79EFBC}") = "KeyboardCtrl_V3", "KeyboardCtrl_V3\KeyboardCtrl_V3.csproj", "{742338F2-EF8D-4114-8FC9-443BAAE8A7B9}"
EndProject
Global
	GlobalSection(SolutionConfigurationPlatforms) = preSolution
		Debug|Any CPU = Debug|Any CPU
		Release|Any CPU = Release|Any CPU
	EndGlobalSection
	GlobalSection(ProjectConfigurationPlatforms) = postSolution
		{742338F2-EF8D-4114-8FC9-443BAAE8A7B9}.Debug|Any CPU.ActiveCfg = Debug|Any CPU
		{742338F2-EF8D-4114-8FC9-443BAAE8A7B9}.Debug|Any CPU.Build.0 = Debug|Any CPU
		{742338F2-EF8D-4114-8FC9-443BAAE8A7B9}.Release|Any CPU.ActiveCfg = Release|Any CPU
		{742338F2-EF8D-4114-8FC9-443BAAE8A7B9}.Release|Any CPU.Build.0 = Release|Any CPU
	EndGlobalSection
	GlobalSection(SolutionProperties) = preSolution
		HideSolutionNode = FALSE
	EndGlobalSection
EndGlobal
