
Microsoft Visual Studio Solution File, Format Version 11.00
# Visual Studio 2010
Project("{FAE04EC0-301F-11D3-BF4B-00C04F79EFBC}") = "CitesApp", "CitesApp\CitesApp.csproj", "{AFBE1B8E-DE48-4989-A8E2-F880CDD04C58}"
EndProject
Project("{FAE04EC0-301F-11D3-BF4B-00C04F79EFBC}") = "KeyboardCtrl_V3", "KeyboardCtrl_V4\KeyboardCtrl_V3\KeyboardCtrl_V3.csproj", "{742338F2-EF8D-4114-8FC9-443BAAE8A7B9}"
EndProject
Global
	GlobalSection(SolutionConfigurationPlatforms) = preSolution
		Debug|Any CPU = Debug|Any CPU
		Debug|Mixed Platforms = Debug|Mixed Platforms
		Debug|x86 = Debug|x86
		Release|Any CPU = Release|Any CPU
		Release|Mixed Platforms = Release|Mixed Platforms
		Release|x86 = Release|x86
	EndGlobalSection
	GlobalSection(ProjectConfigurationPlatforms) = postSolution
		{AFBE1B8E-DE48-4989-A8E2-F880CDD04C58}.Debug|Any CPU.ActiveCfg = Debug|x86
		{AFBE1B8E-DE48-4989-A8E2-F880CDD04C58}.Debug|Mixed Platforms.ActiveCfg = Debug|x86
		{AFBE1B8E-DE48-4989-A8E2-F880CDD04C58}.Debug|Mixed Platforms.Build.0 = Debug|x86
		{AFBE1B8E-DE48-4989-A8E2-F880CDD04C58}.Debug|x86.ActiveCfg = Debug|x86
		{AFBE1B8E-DE48-4989-A8E2-F880CDD04C58}.Debug|x86.Build.0 = Debug|x86
		{AFBE1B8E-DE48-4989-A8E2-F880CDD04C58}.Release|Any CPU.ActiveCfg = Release|x86
		{AFBE1B8E-DE48-4989-A8E2-F880CDD04C58}.Release|Mixed Platforms.ActiveCfg = Release|x86
		{AFBE1B8E-DE48-4989-A8E2-F880CDD04C58}.Release|Mixed Platforms.Build.0 = Release|x86
		{AFBE1B8E-DE48-4989-A8E2-F880CDD04C58}.Release|x86.ActiveCfg = Release|x86
		{AFBE1B8E-DE48-4989-A8E2-F880CDD04C58}.Release|x86.Build.0 = Release|x86
		{742338F2-EF8D-4114-8FC9-443BAAE8A7B9}.Debug|Any CPU.ActiveCfg = Debug|Any CPU
		{742338F2-EF8D-4114-8FC9-443BAAE8A7B9}.Debug|Any CPU.Build.0 = Debug|Any CPU
		{742338F2-EF8D-4114-8FC9-443BAAE8A7B9}.Debug|Mixed Platforms.ActiveCfg = Debug|Any CPU
		{742338F2-EF8D-4114-8FC9-443BAAE8A7B9}.Debug|Mixed Platforms.Build.0 = Debug|Any CPU
		{742338F2-EF8D-4114-8FC9-443BAAE8A7B9}.Debug|x86.ActiveCfg = Debug|Any CPU
		{742338F2-EF8D-4114-8FC9-443BAAE8A7B9}.Release|Any CPU.ActiveCfg = Release|Any CPU
		{742338F2-EF8D-4114-8FC9-443BAAE8A7B9}.Release|Any CPU.Build.0 = Release|Any CPU
		{742338F2-EF8D-4114-8FC9-443BAAE8A7B9}.Release|Mixed Platforms.ActiveCfg = Release|Any CPU
		{742338F2-EF8D-4114-8FC9-443BAAE8A7B9}.Release|Mixed Platforms.Build.0 = Release|Any CPU
		{742338F2-EF8D-4114-8FC9-443BAAE8A7B9}.Release|x86.ActiveCfg = Release|Any CPU
	EndGlobalSection
	GlobalSection(SolutionProperties) = preSolution
		HideSolutionNode = FALSE
	EndGlobalSection
EndGlobal
